// !$*UTF8*$!
{
	archiveVersion = 1;
	classes = {
	};
	objectVersion = 46;
	objects = {

/* Begin PBXBuildFile section */
		1ECE78143F2C9FDB1C1F8B5F /* libPods-Companizer.a in Frameworks */ = {isa = PBXBuildFile; fileRef = F8E64785DA25BAC2947D3F84 /* libPods-Companizer.a */; };
		DC0DEA1D1AC96F560050EC9D /* main.m in Sources */ = {isa = PBXBuildFile; fileRef = DC0DEA1C1AC96F560050EC9D /* main.m */; };
		DC0DEA201AC96F560050EC9D /* AppDelegate.m in Sources */ = {isa = PBXBuildFile; fileRef = DC0DEA1F1AC96F560050EC9D /* AppDelegate.m */; };
		DC0DEA231AC96F560050EC9D /* Companizer.xcdatamodeld in Sources */ = {isa = PBXBuildFile; fileRef = DC0DEA211AC96F560050EC9D /* Companizer.xcdatamodeld */; };
		DC0DEA261AC96F560050EC9D /* MasterViewController.m in Sources */ = {isa = PBXBuildFile; fileRef = DC0DEA251AC96F560050EC9D /* MasterViewController.m */; };
		DC0DEA291AC96F560050EC9D /* DetailViewController.m in Sources */ = {isa = PBXBuildFile; fileRef = DC0DEA281AC96F560050EC9D /* DetailViewController.m */; };
		DC0DEA2C1AC96F560050EC9D /* Main.storyboard in Resources */ = {isa = PBXBuildFile; fileRef = DC0DEA2A1AC96F560050EC9D /* Main.storyboard */; };
		DC0DEA2E1AC96F560050EC9D /* Images.xcassets in Resources */ = {isa = PBXBuildFile; fileRef = DC0DEA2D1AC96F560050EC9D /* Images.xcassets */; };
		DC0DEA311AC96F560050EC9D /* LaunchScreen.xib in Resources */ = {isa = PBXBuildFile; fileRef = DC0DEA2F1AC96F560050EC9D /* LaunchScreen.xib */; };
		DC0DEA3D1AC96F560050EC9D /* CompanizerTests.m in Sources */ = {isa = PBXBuildFile; fileRef = DC0DEA3C1AC96F560050EC9D /* CompanizerTests.m */; };
		DC0DEA551AC99A720050EC9D /* AddCompanyViewController.m in Sources */ = {isa = PBXBuildFile; fileRef = DC0DEA541AC99A720050EC9D /* AddCompanyViewController.m */; };
		DC0DEA571ACAC6FB0050EC9D /* AddressBook.framework in Frameworks */ = {isa = PBXBuildFile; fileRef = DC0DEA561ACAC6FB0050EC9D /* AddressBook.framework */; };
		DC0DEA591ACAC6FF0050EC9D /* AddressBookUI.framework in Frameworks */ = {isa = PBXBuildFile; fileRef = DC0DEA581ACAC6FF0050EC9D /* AddressBookUI.framework */; };
		DC2329141ACC2A8B00527EA8 /* CoreGraphics.framework in Frameworks */ = {isa = PBXBuildFile; fileRef = DC2329131ACC2A8B00527EA8 /* CoreGraphics.framework */; };
		DC2329161ACC2A9200527EA8 /* CoreText.framework in Frameworks */ = {isa = PBXBuildFile; fileRef = DC2329151ACC2A9200527EA8 /* CoreText.framework */; };
		DC4BE7F31ACC0C5800CB1698 /* ContactDetailViewController.m in Sources */ = {isa = PBXBuildFile; fileRef = DC4BE7F21ACC0C5800CB1698 /* ContactDetailViewController.m */; };
		DC65751A1AD43BE0007199D5 /* Contact.m in Sources */ = {isa = PBXBuildFile; fileRef = DC6575151AD43BE0007199D5 /* Contact.m */; };
		DC65751B1AD43BE0007199D5 /* Note.m in Sources */ = {isa = PBXBuildFile; fileRef = DC6575171AD43BE0007199D5 /* Note.m */; };
		DC65751C1AD43BE0007199D5 /* Company.m in Sources */ = {isa = PBXBuildFile; fileRef = DC6575191AD43BE0007199D5 /* Company.m */; };
		DC65751F1AD441CF007199D5 /* EditNoteViewController.m in Sources */ = {isa = PBXBuildFile; fileRef = DC65751E1AD441CF007199D5 /* EditNoteViewController.m */; };
		DC7D12A51AD42EB40001779B /* QuartzCore.framework in Frameworks */ = {isa = PBXBuildFile; fileRef = DC7D12A41AD42EB40001779B /* QuartzCore.framework */; };
		DC91FD491ACC3E1700FD94AA /* AddNoteViewController.m in Sources */ = {isa = PBXBuildFile; fileRef = DC91FD481ACC3E1700FD94AA /* AddNoteViewController.m */; };
		DC91FD4C1ACC3FEA00FD94AA /* QuickAddNoteViewController.m in Sources */ = {isa = PBXBuildFile; fileRef = DC91FD4B1ACC3FEA00FD94AA /* QuickAddNoteViewController.m */; };
/* End PBXBuildFile section */

/* Begin PBXContainerItemProxy section */
		DC0DEA371AC96F560050EC9D /* PBXContainerItemProxy */ = {
			isa = PBXContainerItemProxy;
			containerPortal = DC0DEA0F1AC96F560050EC9D /* Project object */;
			proxyType = 1;
			remoteGlobalIDString = DC0DEA161AC96F560050EC9D;
			remoteInfo = Companizer;
		};
/* End PBXContainerItemProxy section */

/* Begin PBXFileReference section */
		A1916B3FC9B2F7563F8EB064 /* Pods-Companizer.debug.xcconfig */ = {isa = PBXFileReference; includeInIndex = 1; lastKnownFileType = text.xcconfig; name = "Pods-Companizer.debug.xcconfig"; path = "Pods/Target Support Files/Pods-Companizer/Pods-Companizer.debug.xcconfig"; sourceTree = "<group>"; };
		DC0DEA171AC96F560050EC9D /* Companizer.app */ = {isa = PBXFileReference; explicitFileType = wrapper.application; includeInIndex = 0; path = Companizer.app; sourceTree = BUILT_PRODUCTS_DIR; };
		DC0DEA1B1AC96F560050EC9D /* Info.plist */ = {isa = PBXFileReference; lastKnownFileType = text.plist.xml; path = Info.plist; sourceTree = "<group>"; };
		DC0DEA1C1AC96F560050EC9D /* main.m */ = {isa = PBXFileReference; lastKnownFileType = sourcecode.c.objc; path = main.m; sourceTree = "<group>"; };
		DC0DEA1E1AC96F560050EC9D /* AppDelegate.h */ = {isa = PBXFileReference; lastKnownFileType = sourcecode.c.h; path = AppDelegate.h; sourceTree = "<group>"; };
		DC0DEA1F1AC96F560050EC9D /* AppDelegate.m */ = {isa = PBXFileReference; lastKnownFileType = sourcecode.c.objc; path = AppDelegate.m; sourceTree = "<group>"; };
		DC0DEA221AC96F560050EC9D /* Companizer.xcdatamodel */ = {isa = PBXFileReference; lastKnownFileType = wrapper.xcdatamodel; path = Companizer.xcdatamodel; sourceTree = "<group>"; };
		DC0DEA241AC96F560050EC9D /* MasterViewController.h */ = {isa = PBXFileReference; lastKnownFileType = sourcecode.c.h; path = MasterViewController.h; sourceTree = "<group>"; };
		DC0DEA251AC96F560050EC9D /* MasterViewController.m */ = {isa = PBXFileReference; lastKnownFileType = sourcecode.c.objc; path = MasterViewController.m; sourceTree = "<group>"; };
		DC0DEA271AC96F560050EC9D /* DetailViewController.h */ = {isa = PBXFileReference; lastKnownFileType = sourcecode.c.h; path = DetailViewController.h; sourceTree = "<group>"; };
		DC0DEA281AC96F560050EC9D /* DetailViewController.m */ = {isa = PBXFileReference; lastKnownFileType = sourcecode.c.objc; path = DetailViewController.m; sourceTree = "<group>"; };
		DC0DEA2B1AC96F560050EC9D /* Base */ = {isa = PBXFileReference; lastKnownFileType = file.storyboard; name = Base; path = Base.lproj/Main.storyboard; sourceTree = "<group>"; };
		DC0DEA2D1AC96F560050EC9D /* Images.xcassets */ = {isa = PBXFileReference; lastKnownFileType = folder.assetcatalog; path = Images.xcassets; sourceTree = "<group>"; };
		DC0DEA301AC96F560050EC9D /* Base */ = {isa = PBXFileReference; lastKnownFileType = file.xib; name = Base; path = Base.lproj/LaunchScreen.xib; sourceTree = "<group>"; };
		DC0DEA361AC96F560050EC9D /* CompanizerTests.xctest */ = {isa = PBXFileReference; explicitFileType = wrapper.cfbundle; includeInIndex = 0; path = CompanizerTests.xctest; sourceTree = BUILT_PRODUCTS_DIR; };
		DC0DEA3B1AC96F560050EC9D /* Info.plist */ = {isa = PBXFileReference; lastKnownFileType = text.plist.xml; path = Info.plist; sourceTree = "<group>"; };
		DC0DEA3C1AC96F560050EC9D /* CompanizerTests.m */ = {isa = PBXFileReference; lastKnownFileType = sourcecode.c.objc; path = CompanizerTests.m; sourceTree = "<group>"; };
		DC0DEA531AC99A720050EC9D /* AddCompanyViewController.h */ = {isa = PBXFileReference; fileEncoding = 4; lastKnownFileType = sourcecode.c.h; path = AddCompanyViewController.h; sourceTree = "<group>"; };
		DC0DEA541AC99A720050EC9D /* AddCompanyViewController.m */ = {isa = PBXFileReference; fileEncoding = 4; lastKnownFileType = sourcecode.c.objc; path = AddCompanyViewController.m; sourceTree = "<group>"; };
		DC0DEA561ACAC6FB0050EC9D /* AddressBook.framework */ = {isa = PBXFileReference; lastKnownFileType = wrapper.framework; name = AddressBook.framework; path = System/Library/Frameworks/AddressBook.framework; sourceTree = SDKROOT; };
		DC0DEA581ACAC6FF0050EC9D /* AddressBookUI.framework */ = {isa = PBXFileReference; lastKnownFileType = wrapper.framework; name = AddressBookUI.framework; path = System/Library/Frameworks/AddressBookUI.framework; sourceTree = SDKROOT; };
		DC2329131ACC2A8B00527EA8 /* CoreGraphics.framework */ = {isa = PBXFileReference; lastKnownFileType = wrapper.framework; name = CoreGraphics.framework; path = System/Library/Frameworks/CoreGraphics.framework; sourceTree = SDKROOT; };
		DC2329151ACC2A9200527EA8 /* CoreText.framework */ = {isa = PBXFileReference; lastKnownFileType = wrapper.framework; name = CoreText.framework; path = System/Library/Frameworks/CoreText.framework; sourceTree = SDKROOT; };
		DC4BE7F11ACC0C5800CB1698 /* ContactDetailViewController.h */ = {isa = PBXFileReference; fileEncoding = 4; lastKnownFileType = sourcecode.c.h; path = ContactDetailViewController.h; sourceTree = "<group>"; };
		DC4BE7F21ACC0C5800CB1698 /* ContactDetailViewController.m */ = {isa = PBXFileReference; fileEncoding = 4; lastKnownFileType = sourcecode.c.objc; path = ContactDetailViewController.m; sourceTree = "<group>"; };
		DC6575141AD43BE0007199D5 /* Contact.h */ = {isa = PBXFileReference; fileEncoding = 4; lastKnownFileType = sourcecode.c.h; path = Contact.h; sourceTree = "<group>"; };
		DC6575151AD43BE0007199D5 /* Contact.m */ = {isa = PBXFileReference; fileEncoding = 4; lastKnownFileType = sourcecode.c.objc; path = Contact.m; sourceTree = "<group>"; };
		DC6575161AD43BE0007199D5 /* Note.h */ = {isa = PBXFileReference; fileEncoding = 4; lastKnownFileType = sourcecode.c.h; path = Note.h; sourceTree = "<group>"; };
		DC6575171AD43BE0007199D5 /* Note.m */ = {isa = PBXFileReference; fileEncoding = 4; lastKnownFileType = sourcecode.c.objc; path = Note.m; sourceTree = "<group>"; };
		DC6575181AD43BE0007199D5 /* Company.h */ = {isa = PBXFileReference; fileEncoding = 4; lastKnownFileType = sourcecode.c.h; path = Company.h; sourceTree = "<group>"; };
		DC6575191AD43BE0007199D5 /* Company.m */ = {isa = PBXFileReference; fileEncoding = 4; lastKnownFileType = sourcecode.c.objc; path = Company.m; sourceTree = "<group>"; };
		DC65751D1AD441CF007199D5 /* EditNoteViewController.h */ = {isa = PBXFileReference; fileEncoding = 4; lastKnownFileType = sourcecode.c.h; path = EditNoteViewController.h; sourceTree = "<group>"; };
		DC65751E1AD441CF007199D5 /* EditNoteViewController.m */ = {isa = PBXFileReference; fileEncoding = 4; lastKnownFileType = sourcecode.c.objc; path = EditNoteViewController.m; sourceTree = "<group>"; };
		DC7D12A41AD42EB40001779B /* QuartzCore.framework */ = {isa = PBXFileReference; lastKnownFileType = wrapper.framework; name = QuartzCore.framework; path = System/Library/Frameworks/QuartzCore.framework; sourceTree = SDKROOT; };
		DC91FD471ACC3E1700FD94AA /* AddNoteViewController.h */ = {isa = PBXFileReference; fileEncoding = 4; lastKnownFileType = sourcecode.c.h; path = AddNoteViewController.h; sourceTree = "<group>"; };
		DC91FD481ACC3E1700FD94AA /* AddNoteViewController.m */ = {isa = PBXFileReference; fileEncoding = 4; lastKnownFileType = sourcecode.c.objc; path = AddNoteViewController.m; sourceTree = "<group>"; };
		DC91FD4A1ACC3FEA00FD94AA /* QuickAddNoteViewController.h */ = {isa = PBXFileReference; fileEncoding = 4; lastKnownFileType = sourcecode.c.h; path = QuickAddNoteViewController.h; sourceTree = "<group>"; };
		DC91FD4B1ACC3FEA00FD94AA /* QuickAddNoteViewController.m */ = {isa = PBXFileReference; fileEncoding = 4; lastKnownFileType = sourcecode.c.objc; path = QuickAddNoteViewController.m; sourceTree = "<group>"; };
		E8B36672D2E3D29BBCBAC64B /* Pods-Companizer.release.xcconfig */ = {isa = PBXFileReference; includeInIndex = 1; lastKnownFileType = text.xcconfig; name = "Pods-Companizer.release.xcconfig"; path = "Pods/Target Support Files/Pods-Companizer/Pods-Companizer.release.xcconfig"; sourceTree = "<group>"; };
		F8E64785DA25BAC2947D3F84 /* libPods-Companizer.a */ = {isa = PBXFileReference; explicitFileType = archive.ar; includeInIndex = 0; path = "libPods-Companizer.a"; sourceTree = BUILT_PRODUCTS_DIR; };
/* End PBXFileReference section */

/* Begin PBXFrameworksBuildPhase section */
		DC0DEA141AC96F560050EC9D /* Frameworks */ = {
			isa = PBXFrameworksBuildPhase;
			buildActionMask = 2147483647;
			files = (
				DC7D12A51AD42EB40001779B /* QuartzCore.framework in Frameworks */,
				DC2329161ACC2A9200527EA8 /* CoreText.framework in Frameworks */,
				DC2329141ACC2A8B00527EA8 /* CoreGraphics.framework in Frameworks */,
				DC0DEA591ACAC6FF0050EC9D /* AddressBookUI.framework in Frameworks */,
				DC0DEA571ACAC6FB0050EC9D /* AddressBook.framework in Frameworks */,
				1ECE78143F2C9FDB1C1F8B5F /* libPods-Companizer.a in Frameworks */,
			);
			runOnlyForDeploymentPostprocessing = 0;
		};
		DC0DEA331AC96F560050EC9D /* Frameworks */ = {
			isa = PBXFrameworksBuildPhase;
			buildActionMask = 2147483647;
			files = (
			);
			runOnlyForDeploymentPostprocessing = 0;
		};
/* End PBXFrameworksBuildPhase section */

/* Begin PBXGroup section */
		11E7DA41189F832B47398325 /* Frameworks */ = {
			isa = PBXGroup;
			children = (
				DC7D12A41AD42EB40001779B /* QuartzCore.framework */,
				F8E64785DA25BAC2947D3F84 /* libPods-Companizer.a */,
			);
			name = Frameworks;
			sourceTree = "<group>";
		};
		53D5C69D71E54B7B90A73094 /* Pods */ = {
			isa = PBXGroup;
			children = (
				A1916B3FC9B2F7563F8EB064 /* Pods-Companizer.debug.xcconfig */,
				E8B36672D2E3D29BBCBAC64B /* Pods-Companizer.release.xcconfig */,
			);
			name = Pods;
			sourceTree = "<group>";
		};
		DC0DEA0E1AC96F560050EC9D = {
			isa = PBXGroup;
			children = (
				DC2329151ACC2A9200527EA8 /* CoreText.framework */,
				DC2329131ACC2A8B00527EA8 /* CoreGraphics.framework */,
				DC0DEA581ACAC6FF0050EC9D /* AddressBookUI.framework */,
				DC0DEA561ACAC6FB0050EC9D /* AddressBook.framework */,
				DC0DEA461AC973030050EC9D /* entities */,
				DC0DEA191AC96F560050EC9D /* Companizer */,
				DC0DEA391AC96F560050EC9D /* CompanizerTests */,
				DC0DEA181AC96F560050EC9D /* Products */,
				53D5C69D71E54B7B90A73094 /* Pods */,
				11E7DA41189F832B47398325 /* Frameworks */,
			);
			sourceTree = "<group>";
		};
		DC0DEA181AC96F560050EC9D /* Products */ = {
			isa = PBXGroup;
			children = (
				DC0DEA171AC96F560050EC9D /* Companizer.app */,
				DC0DEA361AC96F560050EC9D /* CompanizerTests.xctest */,
			);
			name = Products;
			sourceTree = "<group>";
		};
		DC0DEA191AC96F560050EC9D /* Companizer */ = {
			isa = PBXGroup;
			children = (
				DC4BE7F51ACC0C7300CB1698 /* Delegates */,
				DC4BE7F41ACC0C6200CB1698 /* Controllers */,
				DC0DEA2D1AC96F560050EC9D /* Images.xcassets */,
				DC0DEA2F1AC96F560050EC9D /* LaunchScreen.xib */,
				DC0DEA2A1AC96F560050EC9D /* Main.storyboard */,
				DC0DEA211AC96F560050EC9D /* Companizer.xcdatamodeld */,
				DC0DEA1A1AC96F560050EC9D /* Supporting Files */,
			);
			path = Companizer;
			sourceTree = "<group>";
		};
		DC0DEA1A1AC96F560050EC9D /* Supporting Files */ = {
			isa = PBXGroup;
			children = (
				DC0DEA1B1AC96F560050EC9D /* Info.plist */,
				DC0DEA1C1AC96F560050EC9D /* main.m */,
			);
			name = "Supporting Files";
			sourceTree = "<group>";
		};
		DC0DEA391AC96F560050EC9D /* CompanizerTests */ = {
			isa = PBXGroup;
			children = (
				DC0DEA3C1AC96F560050EC9D /* CompanizerTests.m */,
				DC0DEA3A1AC96F560050EC9D /* Supporting Files */,
			);
			path = CompanizerTests;
			sourceTree = "<group>";
		};
		DC0DEA3A1AC96F560050EC9D /* Supporting Files */ = {
			isa = PBXGroup;
			children = (
				DC0DEA3B1AC96F560050EC9D /* Info.plist */,
			);
			name = "Supporting Files";
			sourceTree = "<group>";
		};
		DC0DEA461AC973030050EC9D /* entities */ = {
			isa = PBXGroup;
			children = (
				DC6575141AD43BE0007199D5 /* Contact.h */,
				DC6575151AD43BE0007199D5 /* Contact.m */,
				DC6575161AD43BE0007199D5 /* Note.h */,
				DC6575171AD43BE0007199D5 /* Note.m */,
				DC6575181AD43BE0007199D5 /* Company.h */,
				DC6575191AD43BE0007199D5 /* Company.m */,
			);
			name = entities;
			path = Companizer/entities;
			sourceTree = "<group>";
		};
		DC4BE7F41ACC0C6200CB1698 /* Controllers */ = {
			isa = PBXGroup;
			children = (
				DC91FD461ACC3E0500FD94AA /* Notes */,
				DC4BE7FB1ACC0CCF00CB1698 /* Company */,
				DC4BE7FA1ACC0CBD00CB1698 /* Masterview */,
				DC4BE7FC1ACC0CEE00CB1698 /* Contact */,
			);
			name = Controllers;
			sourceTree = "<group>";
		};
		DC4BE7F51ACC0C7300CB1698 /* Delegates */ = {
			isa = PBXGroup;
			children = (
				DC0DEA1E1AC96F560050EC9D /* AppDelegate.h */,
				DC0DEA1F1AC96F560050EC9D /* AppDelegate.m */,
			);
			name = Delegates;
			sourceTree = "<group>";
		};
		DC4BE7FA1ACC0CBD00CB1698 /* Masterview */ = {
			isa = PBXGroup;
			children = (
				DC0DEA241AC96F560050EC9D /* MasterViewController.h */,
				DC0DEA251AC96F560050EC9D /* MasterViewController.m */,
			);
			name = Masterview;
			sourceTree = "<group>";
		};
		DC4BE7FB1ACC0CCF00CB1698 /* Company */ = {
			isa = PBXGroup;
			children = (
				DC0DEA271AC96F560050EC9D /* DetailViewController.h */,
				DC0DEA281AC96F560050EC9D /* DetailViewController.m */,
				DC0DEA531AC99A720050EC9D /* AddCompanyViewController.h */,
				DC0DEA541AC99A720050EC9D /* AddCompanyViewController.m */,
			);
			name = Company;
			sourceTree = "<group>";
		};
		DC4BE7FC1ACC0CEE00CB1698 /* Contact */ = {
			isa = PBXGroup;
			children = (
				DC4BE7F11ACC0C5800CB1698 /* ContactDetailViewController.h */,
				DC4BE7F21ACC0C5800CB1698 /* ContactDetailViewController.m */,
			);
			name = Contact;
			sourceTree = "<group>";
		};
		DC91FD461ACC3E0500FD94AA /* Notes */ = {
			isa = PBXGroup;
			children = (
				DC91FD471ACC3E1700FD94AA /* AddNoteViewController.h */,
				DC91FD481ACC3E1700FD94AA /* AddNoteViewController.m */,
				DC91FD4A1ACC3FEA00FD94AA /* QuickAddNoteViewController.h */,
				DC91FD4B1ACC3FEA00FD94AA /* QuickAddNoteViewController.m */,
				DC65751D1AD441CF007199D5 /* EditNoteViewController.h */,
				DC65751E1AD441CF007199D5 /* EditNoteViewController.m */,
			);
			name = Notes;
			sourceTree = "<group>";
		};
/* End PBXGroup section */

/* Begin PBXNativeTarget section */
		DC0DEA161AC96F560050EC9D /* Companizer */ = {
			isa = PBXNativeTarget;
			buildConfigurationList = DC0DEA401AC96F560050EC9D /* Build configuration list for PBXNativeTarget "Companizer" */;
			buildPhases = (
				EC6B0175171827400D01C962 /* Check Pods Manifest.lock */,
				DC0DEA131AC96F560050EC9D /* Sources */,
				DC0DEA141AC96F560050EC9D /* Frameworks */,
				DC0DEA151AC96F560050EC9D /* Resources */,
				93CF37BBD8FF0A8C82068794 /* Copy Pods Resources */,
			);
			buildRules = (
			);
			dependencies = (
			);
			name = Companizer;
			productName = Companizer;
			productReference = DC0DEA171AC96F560050EC9D /* Companizer.app */;
			productType = "com.apple.product-type.application";
		};
		DC0DEA351AC96F560050EC9D /* CompanizerTests */ = {
			isa = PBXNativeTarget;
			buildConfigurationList = DC0DEA431AC96F560050EC9D /* Build configuration list for PBXNativeTarget "CompanizerTests" */;
			buildPhases = (
				DC0DEA321AC96F560050EC9D /* Sources */,
				DC0DEA331AC96F560050EC9D /* Frameworks */,
				DC0DEA341AC96F560050EC9D /* Resources */,
			);
			buildRules = (
			);
			dependencies = (
				DC0DEA381AC96F560050EC9D /* PBXTargetDependency */,
			);
			name = CompanizerTests;
			productName = CompanizerTests;
			productReference = DC0DEA361AC96F560050EC9D /* CompanizerTests.xctest */;
			productType = "com.apple.product-type.bundle.unit-test";
		};
/* End PBXNativeTarget section */

/* Begin PBXProject section */
		DC0DEA0F1AC96F560050EC9D /* Project object */ = {
			isa = PBXProject;
			attributes = {
				LastUpgradeCheck = 0620;
				ORGANIZATIONNAME = "Luuk harmeling & Hugo Olthof";
				TargetAttributes = {
					DC0DEA161AC96F560050EC9D = {
						CreatedOnToolsVersion = 6.2;
						DevelopmentTeam = Q52F5Q229G;
					};
					DC0DEA351AC96F560050EC9D = {
						CreatedOnToolsVersion = 6.2;
						TestTargetID = DC0DEA161AC96F560050EC9D;
					};
				};
			};
			buildConfigurationList = DC0DEA121AC96F560050EC9D /* Build configuration list for PBXProject "Companizer" */;
			compatibilityVersion = "Xcode 3.2";
			developmentRegion = English;
			hasScannedForEncodings = 0;
			knownRegions = (
				en,
				Base,
			);
			mainGroup = DC0DEA0E1AC96F560050EC9D;
			productRefGroup = DC0DEA181AC96F560050EC9D /* Products */;
			projectDirPath = "";
			projectRoot = "";
			targets = (
				DC0DEA161AC96F560050EC9D /* Companizer */,
				DC0DEA351AC96F560050EC9D /* CompanizerTests */,
			);
		};
/* End PBXProject section */

/* Begin PBXResourcesBuildPhase section */
		DC0DEA151AC96F560050EC9D /* Resources */ = {
			isa = PBXResourcesBuildPhase;
			buildActionMask = 2147483647;
			files = (
				DC0DEA2C1AC96F560050EC9D /* Main.storyboard in Resources */,
				DC0DEA311AC96F560050EC9D /* LaunchScreen.xib in Resources */,
				DC0DEA2E1AC96F560050EC9D /* Images.xcassets in Resources */,
			);
			runOnlyForDeploymentPostprocessing = 0;
		};
		DC0DEA341AC96F560050EC9D /* Resources */ = {
			isa = PBXResourcesBuildPhase;
			buildActionMask = 2147483647;
			files = (
			);
			runOnlyForDeploymentPostprocessing = 0;
		};
/* End PBXResourcesBuildPhase section */

/* Begin PBXShellScriptBuildPhase section */
		93CF37BBD8FF0A8C82068794 /* Copy Pods Resources */ = {
			isa = PBXShellScriptBuildPhase;
			buildActionMask = 2147483647;
			files = (
			);
			inputPaths = (
			);
			name = "Copy Pods Resources";
			outputPaths = (
			);
			runOnlyForDeploymentPostprocessing = 0;
			shellPath = /bin/sh;
			shellScript = "\"${SRCROOT}/Pods/Target Support Files/Pods-Companizer/Pods-Companizer-resources.sh\"\n";
			showEnvVarsInLog = 0;
		};
		EC6B0175171827400D01C962 /* Check Pods Manifest.lock */ = {
			isa = PBXShellScriptBuildPhase;
			buildActionMask = 2147483647;
			files = (
			);
			inputPaths = (
			);
			name = "Check Pods Manifest.lock";
			outputPaths = (
			);
			runOnlyForDeploymentPostprocessing = 0;
			shellPath = /bin/sh;
			shellScript = "diff \"${PODS_ROOT}/../Podfile.lock\" \"${PODS_ROOT}/Manifest.lock\" > /dev/null\nif [[ $? != 0 ]] ; then\n    cat << EOM\nerror: The sandbox is not in sync with the Podfile.lock. Run 'pod install' or update your CocoaPods installation.\nEOM\n    exit 1\nfi\n";
			showEnvVarsInLog = 0;
		};
/* End PBXShellScriptBuildPhase section */

/* Begin PBXSourcesBuildPhase section */
		DC0DEA131AC96F560050EC9D /* Sources */ = {
			isa = PBXSourcesBuildPhase;
			buildActionMask = 2147483647;
			files = (
				DC0DEA551AC99A720050EC9D /* AddCompanyViewController.m in Sources */,
				DC91FD491ACC3E1700FD94AA /* AddNoteViewController.m in Sources */,
				DC65751A1AD43BE0007199D5 /* Contact.m in Sources */,
				DC0DEA291AC96F560050EC9D /* DetailViewController.m in Sources */,
				DC0DEA261AC96F560050EC9D /* MasterViewController.m in Sources */,
				DC65751F1AD441CF007199D5 /* EditNoteViewController.m in Sources */,
				DC4BE7F31ACC0C5800CB1698 /* ContactDetailViewController.m in Sources */,
				DC91FD4C1ACC3FEA00FD94AA /* QuickAddNoteViewController.m in Sources */,
				DC65751C1AD43BE0007199D5 /* Company.m in Sources */,
				DC0DEA201AC96F560050EC9D /* AppDelegate.m in Sources */,
				DC0DEA1D1AC96F560050EC9D /* main.m in Sources */,
				DC0DEA231AC96F560050EC9D /* Companizer.xcdatamodeld in Sources */,
				DC65751B1AD43BE0007199D5 /* Note.m in Sources */,
			);
			runOnlyForDeploymentPostprocessing = 0;
		};
		DC0DEA321AC96F560050EC9D /* Sources */ = {
			isa = PBXSourcesBuildPhase;
			buildActionMask = 2147483647;
			files = (
				DC0DEA3D1AC96F560050EC9D /* CompanizerTests.m in Sources */,
			);
			runOnlyForDeploymentPostprocessing = 0;
		};
/* End PBXSourcesBuildPhase section */

/* Begin PBXTargetDependency section */
		DC0DEA381AC96F560050EC9D /* PBXTargetDependency */ = {
			isa = PBXTargetDependency;
			target = DC0DEA161AC96F560050EC9D /* Companizer */;
			targetProxy = DC0DEA371AC96F560050EC9D /* PBXContainerItemProxy */;
		};
/* End PBXTargetDependency section */

/* Begin PBXVariantGroup section */
		DC0DEA2A1AC96F560050EC9D /* Main.storyboard */ = {
			isa = PBXVariantGroup;
			children = (
				DC0DEA2B1AC96F560050EC9D /* Base */,
			);
			name = Main.storyboard;
			sourceTree = "<group>";
		};
		DC0DEA2F1AC96F560050EC9D /* LaunchScreen.xib */ = {
			isa = PBXVariantGroup;
			children = (
				DC0DEA301AC96F560050EC9D /* Base */,
			);
			name = LaunchScreen.xib;
			sourceTree = "<group>";
		};
/* End PBXVariantGroup section */

/* Begin XCBuildConfiguration section */
		DC0DEA3E1AC96F560050EC9D /* Debug */ = {
			isa = XCBuildConfiguration;
			buildSettings = {
				ALWAYS_SEARCH_USER_PATHS = NO;
				CLANG_CXX_LANGUAGE_STANDARD = "gnu++0x";
				CLANG_CXX_LIBRARY = "libc++";
				CLANG_ENABLE_MODULES = YES;
				CLANG_ENABLE_OBJC_ARC = YES;
				CLANG_WARN_BOOL_CONVERSION = YES;
				CLANG_WARN_CONSTANT_CONVERSION = YES;
				CLANG_WARN_DIRECT_OBJC_ISA_USAGE = YES_ERROR;
				CLANG_WARN_EMPTY_BODY = YES;
				CLANG_WARN_ENUM_CONVERSION = YES;
				CLANG_WARN_INT_CONVERSION = YES;
				CLANG_WARN_OBJC_ROOT_CLASS = YES_ERROR;
				CLANG_WARN_UNREACHABLE_CODE = YES;
				CLANG_WARN__DUPLICATE_METHOD_MATCH = YES;
				"CODE_SIGN_IDENTITY[sdk=iphoneos*]" = "iPhone Developer";
				COPY_PHASE_STRIP = NO;
				ENABLE_STRICT_OBJC_MSGSEND = YES;
				GCC_C_LANGUAGE_STANDARD = gnu99;
				GCC_DYNAMIC_NO_PIC = NO;
				GCC_OPTIMIZATION_LEVEL = 0;
				GCC_PREPROCESSOR_DEFINITIONS = (
					"DEBUG=1",
					"$(inherited)",
				);
				GCC_SYMBOLS_PRIVATE_EXTERN = NO;
				GCC_WARN_64_TO_32_BIT_CONVERSION = YES;
				GCC_WARN_ABOUT_RETURN_TYPE = YES_ERROR;
				GCC_WARN_UNDECLARED_SELECTOR = YES;
				GCC_WARN_UNINITIALIZED_AUTOS = YES_AGGRESSIVE;
				GCC_WARN_UNUSED_FUNCTION = YES;
				GCC_WARN_UNUSED_VARIABLE = YES;
				IPHONEOS_DEPLOYMENT_TARGET = 8.2;
				MTL_ENABLE_DEBUG_INFO = YES;
				ONLY_ACTIVE_ARCH = YES;
				SDKROOT = iphoneos;
			};
			name = Debug;
		};
		DC0DEA3F1AC96F560050EC9D /* Release */ = {
			isa = XCBuildConfiguration;
			buildSettings = {
				ALWAYS_SEARCH_USER_PATHS = NO;
				CLANG_CXX_LANGUAGE_STANDARD = "gnu++0x";
				CLANG_CXX_LIBRARY = "libc++";
				CLANG_ENABLE_MODULES = YES;
				CLANG_ENABLE_OBJC_ARC = YES;
				CLANG_WARN_BOOL_CONVERSION = YES;
				CLANG_WARN_CONSTANT_CONVERSION = YES;
				CLANG_WARN_DIRECT_OBJC_ISA_USAGE = YES_ERROR;
				CLANG_WARN_EMPTY_BODY = YES;
				CLANG_WARN_ENUM_CONVERSION = YES;
				CLANG_WARN_INT_CONVERSION = YES;
				CLANG_WARN_OBJC_ROOT_CLASS = YES_ERROR;
				CLANG_WARN_UNREACHABLE_CODE = YES;
				CLANG_WARN__DUPLICATE_METHOD_MATCH = YES;
				"CODE_SIGN_IDENTITY[sdk=iphoneos*]" = "iPhone Developer";
				COPY_PHASE_STRIP = NO;
				ENABLE_NS_ASSERTIONS = NO;
				ENABLE_STRICT_OBJC_MSGSEND = YES;
				GCC_C_LANGUAGE_STANDARD = gnu99;
				GCC_WARN_64_TO_32_BIT_CONVERSION = YES;
				GCC_WARN_ABOUT_RETURN_TYPE = YES_ERROR;
				GCC_WARN_UNDECLARED_SELECTOR = YES;
				GCC_WARN_UNINITIALIZED_AUTOS = YES_AGGRESSIVE;
				GCC_WARN_UNUSED_FUNCTION = YES;
				GCC_WARN_UNUSED_VARIABLE = YES;
				IPHONEOS_DEPLOYMENT_TARGET = 8.2;
				MTL_ENABLE_DEBUG_INFO = NO;
				SDKROOT = iphoneos;
				VALIDATE_PRODUCT = YES;
			};
			name = Release;
		};
		DC0DEA411AC96F560050EC9D /* Debug */ = {
			isa = XCBuildConfiguration;
			baseConfigurationReference = A1916B3FC9B2F7563F8EB064 /* Pods-Companizer.debug.xcconfig */;
			buildSettings = {
				ASSETCATALOG_COMPILER_APPICON_NAME = AppIcon;
				CODE_SIGN_IDENTITY = "iPhone Developer";
				"CODE_SIGN_IDENTITY[sdk=iphoneos*]" = "iPhone Developer";
				INFOPLIST_FILE = Companizer/Info.plist;
				LD_RUNPATH_SEARCH_PATHS = "$(inherited) @executable_path/Frameworks";
				PRODUCT_NAME = "$(TARGET_NAME)";
				PROVISIONING_PROFILE = "";
			};
			name = Debug;
		};
		DC0DEA421AC96F560050EC9D /* Release */ = {
			isa = XCBuildConfiguration;
			baseConfigurationReference = E8B36672D2E3D29BBCBAC64B /* Pods-Companizer.release.xcconfig */;
			buildSettings = {
				ASSETCATALOG_COMPILER_APPICON_NAME = AppIcon;
				CODE_SIGN_IDENTITY = "iPhone Developer";
				"CODE_SIGN_IDENTITY[sdk=iphoneos*]" = "iPhone Developer";
				INFOPLIST_FILE = Companizer/Info.plist;
				LD_RUNPATH_SEARCH_PATHS = "$(inherited) @executable_path/Frameworks";
				PRODUCT_NAME = "$(TARGET_NAME)";
				PROVISIONING_PROFILE = "";
			};
			name = Release;
		};
		DC0DEA441AC96F560050EC9D /* Debug */ = {
			isa = XCBuildConfiguration;
			buildSettings = {
				BUNDLE_LOADER = "$(TEST_HOST)";
				FRAMEWORK_SEARCH_PATHS = (
					"$(SDKROOT)/Developer/Library/Frameworks",
					"$(inherited)",
				);
				GCC_PREPROCESSOR_DEFINITIONS = (
					"DEBUG=1",
					"$(inherited)",
				);
				INFOPLIST_FILE = CompanizerTests/Info.plist;
				LD_RUNPATH_SEARCH_PATHS = "$(inherited) @executable_path/Frameworks @loader_path/Frameworks";
				PRODUCT_NAME = "$(TARGET_NAME)";
				TEST_HOST = "$(BUILT_PRODUCTS_DIR)/Companizer.app/Companizer";
			};
			name = Debug;
		};
		DC0DEA451AC96F560050EC9D /* Release */ = {
			isa = XCBuildConfiguration;
			buildSettings = {
				BUNDLE_LOADER = "$(TEST_HOST)";
				FRAMEWORK_SEARCH_PATHS = (
					"$(SDKROOT)/Developer/Library/Frameworks",
					"$(inherited)",
				);
				INFOPLIST_FILE = CompanizerTests/Info.plist;
				LD_RUNPATH_SEARCH_PATHS = "$(inherited) @executable_path/Frameworks @loader_path/Frameworks";
				PRODUCT_NAME = "$(TARGET_NAME)";
				TEST_HOST = "$(BUILT_PRODUCTS_DIR)/Companizer.app/Companizer";
			};
			name = Release;
		};
/* End XCBuildConfiguration section */

/* Begin XCConfigurationList section */
		DC0DEA121AC96F560050EC9D /* Build configuration list for PBXProject "Companizer" */ = {
			isa = XCConfigurationList;
			buildConfigurations = (
				DC0DEA3E1AC96F560050EC9D /* Debug */,
				DC0DEA3F1AC96F560050EC9D /* Release */,
			);
			defaultConfigurationIsVisible = 0;
			defaultConfigurationName = Release;
		};
		DC0DEA401AC96F560050EC9D /* Build configuration list for PBXNativeTarget "Companizer" */ = {
			isa = XCConfigurationList;
			buildConfigurations = (
				DC0DEA411AC96F560050EC9D /* Debug */,
				DC0DEA421AC96F560050EC9D /* Release */,
			);
			defaultConfigurationIsVisible = 0;
			defaultConfigurationName = Release;
		};
		DC0DEA431AC96F560050EC9D /* Build configuration list for PBXNativeTarget "CompanizerTests" */ = {
			isa = XCConfigurationList;
			buildConfigurations = (
				DC0DEA441AC96F560050EC9D /* Debug */,
				DC0DEA451AC96F560050EC9D /* Release */,
			);
			defaultConfigurationIsVisible = 0;
			defaultConfigurationName = Release;
		};
/* End XCConfigurationList section */

/* Begin XCVersionGroup section */
		DC0DEA211AC96F560050EC9D /* Companizer.xcdatamodeld */ = {
			isa = XCVersionGroup;
			children = (
				DC0DEA221AC96F560050EC9D /* Companizer.xcdatamodel */,
			);
			currentVersion = DC0DEA221AC96F560050EC9D /* Companizer.xcdatamodel */;
			path = Companizer.xcdatamodeld;
			sourceTree = "<group>";
			versionGroupType = wrapper.xcdatamodel;
		};
/* End XCVersionGroup section */
	};
	rootObject = DC0DEA0F1AC96F560050EC9D /* Project object */;
}
